
Microsoft Visual Studio Solution File, Format Version 12.00
# Visual Studio Version 16
VisualStudioVersion = 16.0.32126.315
MinimumVisualStudioVersion = 10.0.40219.1
Project("{FAE04EC0-301F-11D3-BF4B-00C04F79EFBC}") = "Chapter1", "Chapter1\Chapter1.csproj", "{BDE97576-D9AB-4F55-9709-DEA1581A1255}"
EndProject
Global
	GlobalSection(SolutionConfigurationPlatforms) = preSolution
		Debug|Any CPU = Debug|Any CPU
		Release|Any CPU = Release|Any CPU
	EndGlobalSection
	GlobalSection(ProjectConfigurationPlatforms) = postSolution
		{BDE97576-D9AB-4F55-9709-DEA1581A1255}.Debug|Any CPU.ActiveCfg = Debug|Any CPU
		{BDE97576-D9AB-4F55-9709-DEA1581A1255}.Debug|Any CPU.Build.0 = Debug|Any CPU
		{BDE97576-D9AB-4F55-9709-DEA1581A1255}.Release|Any CPU.ActiveCfg = Release|Any CPU
		{BDE97576-D9AB-4F55-9709-DEA1581A1255}.Release|Any CPU.Build.0 = Release|Any CPU
	EndGlobalSection
	GlobalSection(SolutionProperties) = preSolution
		HideSolutionNode = FALSE
	EndGlobalSection
	GlobalSection(ExtensibilityGlobals) = postSolution
		SolutionGuid = {E7259926-7EE5-4E2E-8F1F-08E8EFCF1353}
	EndGlobalSection
EndGlobal
